github.com/nginxinc/nginx-hugo-theme v0.35.0 h1:7XB2GMy6qeJgKEJy9wOS3SYKYpfvLW3/H+UHRPLM4FU=
github.com/nginxinc/nginx-hugo-theme v0.35.0/go.mod h1:DPNgSS5QYxkjH/BfH4uPDiTfODqWJ50NKZdorguom8M=
github.com/nginxinc/nginx-hugo-theme v0.40.5 h1:A/Kowfb6AtXznjMfghvwmLZD9F/BHlaEw1KgB41naO4=
github.com/nginxinc/nginx-hugo-theme v0.40.5/go.mod h1:DPNgSS5QYxkjH/BfH4uPDiTfODqWJ50NKZdorguom8M=
github.com/nginxinc/nginx-hugo-theme v0.40.7 h1:iZnVZIC2P1HmBipVoO7zXX3MM8DxG11y26jZAvfxSrk=
github.com/nginxinc/nginx-hugo-theme v0.40.7/go.mod h1:DPNgSS5QYxkjH/BfH4uPDiTfODqWJ50NKZdorguom8M=
github.com/nginxinc/nginx-hugo-theme v0.40.8 h1:VtoSAtf9k67tI2jzbLRo0oFBAMHZBUPRh/xV4MYullI=
github.com/nginxinc/nginx-hugo-theme v0.40.8/go.mod h1:DPNgSS5QYxkjH/BfH4uPDiTfODqWJ50NKZdorguom8M=
