github.com/nginxinc/nginx-hugo-theme v0.41.16 h1:C8PpuTTjSqw55lkwQ97k26bNpZ6B7CGAR5y5/5mWEwQ=
github.com/nginxinc/nginx-hugo-theme v0.41.16/go.mod h1:DPNgSS5QYxkjH/BfH4uPDiTfODqWJ50NKZdorguom8M=
github.com/nginxinc/nginx-hugo-theme v0.41.17 h1:KtF0TFQYXmVratjKVGEodWYFNbtxeOdrZLa9zi70BtA=
github.com/nginxinc/nginx-hugo-theme v0.41.17/go.mod h1:DPNgSS5QYxkjH/BfH4uPDiTfODqWJ50NKZdorguom8M=
