github.com/nginxinc/nginx-hugo-theme v0.28.0 h1:RHHvBmFk2Uptk+efLPSIuBd2elc3IOZPElkJbkkpAHo=
github.com/nginxinc/nginx-hugo-theme v0.28.0/go.mod h1:DPNgSS5QYxkjH/BfH4uPDiTfODqWJ50NKZdorguom8M=
github.com/nginxinc/nginx-hugo-theme v0.28.1-0.20230426164225-455b6ed745e7 h1:+2alS1YSjkqP1MJWTdxMWS+MmKp2I2Fn3BJpbZkY/CI=
github.com/nginxinc/nginx-hugo-theme v0.28.1-0.20230426164225-455b6ed745e7/go.mod h1:DPNgSS5QYxkjH/BfH4uPDiTfODqWJ50NKZdorguom8M=
